
Microsoft Visual Studio Solution File, Format Version 12.00
# Visual Studio Version 17
VisualStudioVersion = 17.1.32319.34
MinimumVisualStudioVersion = 10.0.40219.1
Project("{FAE04EC0-301F-11D3-BF4B-00C04F79EFBC}") = "ToDo Application", "ToDo Application\ToDo Application.csproj", "{DB9E4320-72B1-472B-9615-911EE7ADFB91}"
EndProject
Global
	GlobalSection(SolutionConfigurationPlatforms) = preSolution
		Debug|Any CPU = Debug|Any CPU
		Release|Any CPU = Release|Any CPU
	EndGlobalSection
	GlobalSection(ProjectConfigurationPlatforms) = postSolution
		{DB9E4320-72B1-472B-9615-911EE7ADFB91}.Debug|Any CPU.ActiveCfg = Debug|Any CPU
		{DB9E4320-72B1-472B-9615-911EE7ADFB91}.Debug|Any CPU.Build.0 = Debug|Any CPU
		{DB9E4320-72B1-472B-9615-911EE7ADFB91}.Release|Any CPU.ActiveCfg = Release|Any CPU
		{DB9E4320-72B1-472B-9615-911EE7ADFB91}.Release|Any CPU.Build.0 = Release|Any CPU
	EndGlobalSection
	GlobalSection(SolutionProperties) = preSolution
		HideSolutionNode = FALSE
	EndGlobalSection
	GlobalSection(ExtensibilityGlobals) = postSolution
		SolutionGuid = {4487B8ED-85B8-4984-BCFE-2D58FE820CDB}
	EndGlobalSection
EndGlobal
